
Microsoft Visual Studio Solution File, Format Version 12.00
# Visual Studio Version 17
VisualStudioVersion = 17.8.34525.116
MinimumVisualStudioVersion = 10.0.40219.1
Project("{FAE04EC0-301F-11D3-BF4B-00C04F79EFBC}") = "XuxuBank", "XuxuBank\XuxuBank.csproj", "{5043A107-4A72-412E-A919-0EEA6798057C}"
EndProject
Project("{FAE04EC0-301F-11D3-BF4B-00C04F79EFBC}") = "XuxuBank.Domain", "XuxuBank.Domain\XuxuBank.Domain.csproj", "{3C5E84E3-6E1B-4F45-8B62-13B974A2BEFD}"
EndProject
Project("{2150E333-8FDC-42A3-9474-1A3956D46DE8}") = "Solution Items", "Solution Items", "{D5CCBE8E-2F6A-473C-BF40-C48F7BA42167}"
	ProjectSection(SolutionItems) = preProject
		Dockerfile = Dockerfile
	EndProjectSection
EndProject
Global
	GlobalSection(SolutionConfigurationPlatforms) = preSolution
		Debug|Any CPU = Debug|Any CPU
		Release|Any CPU = Release|Any CPU
	EndGlobalSection
	GlobalSection(ProjectConfigurationPlatforms) = postSolution
		{5043A107-4A72-412E-A919-0EEA6798057C}.Debug|Any CPU.ActiveCfg = Debug|Any CPU
		{5043A107-4A72-412E-A919-0EEA6798057C}.Debug|Any CPU.Build.0 = Debug|Any CPU
		{5043A107-4A72-412E-A919-0EEA6798057C}.Release|Any CPU.ActiveCfg = Release|Any CPU
		{5043A107-4A72-412E-A919-0EEA6798057C}.Release|Any CPU.Build.0 = Release|Any CPU
		{3C5E84E3-6E1B-4F45-8B62-13B974A2BEFD}.Debug|Any CPU.ActiveCfg = Debug|Any CPU
		{3C5E84E3-6E1B-4F45-8B62-13B974A2BEFD}.Debug|Any CPU.Build.0 = Debug|Any CPU
		{3C5E84E3-6E1B-4F45-8B62-13B974A2BEFD}.Release|Any CPU.ActiveCfg = Release|Any CPU
		{3C5E84E3-6E1B-4F45-8B62-13B974A2BEFD}.Release|Any CPU.Build.0 = Release|Any CPU
	EndGlobalSection
	GlobalSection(SolutionProperties) = preSolution
		HideSolutionNode = FALSE
	EndGlobalSection
	GlobalSection(ExtensibilityGlobals) = postSolution
		SolutionGuid = {B34815F1-BFB8-401D-910D-D4B27E161EE5}
	EndGlobalSection
EndGlobal
